
Microsoft Visual Studio Solution File, Format Version 12.00
# Visual Studio Version 17
VisualStudioVersion = 17.13.35931.197 d17.13
MinimumVisualStudioVersion = 10.0.40219.1
Project("{FAE04EC0-301F-11D3-BF4B-00C04F79EFBC}") = "Yapılacaklar-Uygulaması (To-Do-List--APP)", "Yapılacaklar-Uygulaması (To-Do-List--APP)\Yapılacaklar-Uygulaması (To-Do-List--APP).csproj", "{653CF1BB-610A-4E29-BB9E-E70AAD207666}"
EndProject
Global
	GlobalSection(SolutionConfigurationPlatforms) = preSolution
		Debug|Any CPU = Debug|Any CPU
		Release|Any CPU = Release|Any CPU
	EndGlobalSection
	GlobalSection(ProjectConfigurationPlatforms) = postSolution
		{653CF1BB-610A-4E29-BB9E-E70AAD207666}.Debug|Any CPU.ActiveCfg = Debug|Any CPU
		{653CF1BB-610A-4E29-BB9E-E70AAD207666}.Debug|Any CPU.Build.0 = Debug|Any CPU
		{653CF1BB-610A-4E29-BB9E-E70AAD207666}.Release|Any CPU.ActiveCfg = Release|Any CPU
		{653CF1BB-610A-4E29-BB9E-E70AAD207666}.Release|Any CPU.Build.0 = Release|Any CPU
	EndGlobalSection
	GlobalSection(SolutionProperties) = preSolution
		HideSolutionNode = FALSE
	EndGlobalSection
	GlobalSection(ExtensibilityGlobals) = postSolution
		SolutionGuid = {069A5264-ADDB-46A3-BDB8-A3782675BD51}
	EndGlobalSection
EndGlobal
